
Microsoft Visual Studio Solution File, Format Version 12.00
Project("{FAE04EC0-301F-11D3-BF4B-00C04F79EFBC}") = "NetProjects", "NetProjects\NetProjects.csproj", "{575E27B7-848E-4D00-ACBE-B8CA2FCDEAB0}"
EndProject
Project("{FAE04EC0-301F-11D3-BF4B-00C04F79EFBC}") = "TP1", "TP1\TP1.csproj", "{61B233EF-EDCB-42CD-8164-F5DD9B21960E}"
EndProject
Global
	GlobalSection(SolutionConfigurationPlatforms) = preSolution
		Debug|Any CPU = Debug|Any CPU
		Release|Any CPU = Release|Any CPU
	EndGlobalSection
	GlobalSection(ProjectConfigurationPlatforms) = postSolution
		{575E27B7-848E-4D00-ACBE-B8CA2FCDEAB0}.Debug|Any CPU.ActiveCfg = Debug|Any CPU
		{575E27B7-848E-4D00-ACBE-B8CA2FCDEAB0}.Debug|Any CPU.Build.0 = Debug|Any CPU
		{575E27B7-848E-4D00-ACBE-B8CA2FCDEAB0}.Release|Any CPU.ActiveCfg = Release|Any CPU
		{575E27B7-848E-4D00-ACBE-B8CA2FCDEAB0}.Release|Any CPU.Build.0 = Release|Any CPU
		{61B233EF-EDCB-42CD-8164-F5DD9B21960E}.Debug|Any CPU.ActiveCfg = Debug|Any CPU
		{61B233EF-EDCB-42CD-8164-F5DD9B21960E}.Debug|Any CPU.Build.0 = Debug|Any CPU
		{61B233EF-EDCB-42CD-8164-F5DD9B21960E}.Release|Any CPU.ActiveCfg = Release|Any CPU
		{61B233EF-EDCB-42CD-8164-F5DD9B21960E}.Release|Any CPU.Build.0 = Release|Any CPU
	EndGlobalSection
EndGlobal
